
Microsoft Visual Studio Solution File, Format Version 12.00
# Visual Studio 14
VisualStudioVersion = 14.0.24720.0
MinimumVisualStudioVersion = 10.0.40219.1
Project("{FAE04EC0-301F-11D3-BF4B-00C04F79EFBC}") = "CSharpEnigma", "CSharpEnigma\CSharpEnigma.csproj", "{EE94B8C1-72D5-49AA-BB37-40597638DF46}"
EndProject
Project("{FAE04EC0-301F-11D3-BF4B-00C04F79EFBC}") = "CSharpEnigmaTests", "CSharpEnigmaTests\CSharpEnigmaTests.csproj", "{428BC496-080F-4532-B3C7-58FE3DA5F86D}"
EndProject
Global
	GlobalSection(SolutionConfigurationPlatforms) = preSolution
		Debug|Any CPU = Debug|Any CPU
		Debug|x64 = Debug|x64
		Release|Any CPU = Release|Any CPU
		Release|x64 = Release|x64
	EndGlobalSection
	GlobalSection(ProjectConfigurationPlatforms) = postSolution
		{EE94B8C1-72D5-49AA-BB37-40597638DF46}.Debug|Any CPU.ActiveCfg = Debug|Any CPU
		{EE94B8C1-72D5-49AA-BB37-40597638DF46}.Debug|Any CPU.Build.0 = Debug|Any CPU
		{EE94B8C1-72D5-49AA-BB37-40597638DF46}.Debug|x64.ActiveCfg = Debug|x64
		{EE94B8C1-72D5-49AA-BB37-40597638DF46}.Debug|x64.Build.0 = Debug|x64
		{EE94B8C1-72D5-49AA-BB37-40597638DF46}.Release|Any CPU.ActiveCfg = Release|Any CPU
		{EE94B8C1-72D5-49AA-BB37-40597638DF46}.Release|Any CPU.Build.0 = Release|Any CPU
		{EE94B8C1-72D5-49AA-BB37-40597638DF46}.Release|x64.ActiveCfg = Release|x64
		{EE94B8C1-72D5-49AA-BB37-40597638DF46}.Release|x64.Build.0 = Release|x64
		{428BC496-080F-4532-B3C7-58FE3DA5F86D}.Debug|Any CPU.ActiveCfg = Debug|Any CPU
		{428BC496-080F-4532-B3C7-58FE3DA5F86D}.Debug|Any CPU.Build.0 = Debug|Any CPU
		{428BC496-080F-4532-B3C7-58FE3DA5F86D}.Debug|x64.ActiveCfg = Debug|x64
		{428BC496-080F-4532-B3C7-58FE3DA5F86D}.Debug|x64.Build.0 = Debug|x64
		{428BC496-080F-4532-B3C7-58FE3DA5F86D}.Release|Any CPU.ActiveCfg = Release|Any CPU
		{428BC496-080F-4532-B3C7-58FE3DA5F86D}.Release|Any CPU.Build.0 = Release|Any CPU
		{428BC496-080F-4532-B3C7-58FE3DA5F86D}.Release|x64.ActiveCfg = Release|x64
		{428BC496-080F-4532-B3C7-58FE3DA5F86D}.Release|x64.Build.0 = Release|x64
	EndGlobalSection
	GlobalSection(SolutionProperties) = preSolution
		HideSolutionNode = FALSE
	EndGlobalSection
EndGlobal
